{
  "nodes": {
    "codex-desktop": {
      "inputs": {
        "flake-utils": "flake-utils",
        "nixpkgs": "nixpkgs"
      },
      "locked": {
        "lastModified": 1786948352,
        "narHash": "sha256-qFouSfAf8Az0j7dUMf128KNXqszdBi8LtmWHEhT3FOw=",
        "ref": "refs/heads/main",
        "rev": "2078f4da93bc262cb0c5dddd7ad483c6d37fb8cd",
        "revCount": 2034,
        "type": "git",
        "url": "https://github.com/ilysenko/codex-desktop-linux"
      },
      "original": {
        "type": "git",
        "url": "https://github.com/ilysenko/codex-desktop-linux"
      }
    },
    "flake-utils": {
      "inputs": {
        "systems": "systems"
      },
      "locked": {
        "lastModified": 1731533236,
        "narHash": "sha256-l0KFg5HjrsfsO/JpG+r7fRrqm12kzFHyUHqHCVpMMbI=",
        "owner": "numtide",
        "repo": "flake-utils",
        "rev": "11707dc2f618dd54ca8739b309ec4fc024de578b",
        "type": "github"
      },
      "original": {
        "owner": "numtide",
        "repo": "flake-utils",
        "type": "github"
      }
    },
    "flake-utils_2": {
      "inputs": {
        "systems": "systems_2"
      },
      "locked": {
        "lastModified": 1731533236,
        "narHash": "sha256-l0KFg5HjrsfsO/JpG+r7fRrqm12kzFHyUHqHCVpMMbI=",
        "owner": "numtide",
        "repo": "flake-utils",
        "rev": "11707dc2f618dd54ca8739b309ec4fc024de578b",
        "type": "github"
      },
      "original": {
        "owner": "numtide",
        "repo": "flake-utils",
        "type": "github"
      }
    },
    "home-manager": {
      "inputs": {
        "nixpkgs": [
          "nixpkgs"
        ]
      },
      "locked": {
        "lastModified": 1786999651,
        "narHash": "sha256-MTGMFlLDTklsXhCp4r5GXB4VAVadPdalXLvUjd/K7h0=",
        "ref": "refs/heads/master",
        "rev": "353742587cbaf079b3caee743115d037bc51fea6",
        "revCount": 7165,
        "type": "git",
        "url": "https://github.com/nix-community/home-manager"
      },
      "original": {
        "type": "git",
        "url": "https://github.com/nix-community/home-manager"
      }
    },
    "kineticwe": {
      "inputs": {
        "flake-utils": "flake-utils_2",
        "nixpkgs": [
          "nixpkgs"
        ],
        "noctalia": "noctalia"
      },
      "locked": {
        "lastModified": 1786597388,
        "narHash": "sha256-uuDGw+Oh5MUkBA3iHFk7F9QSBaHorskAPPTc8uRTm0M=",
        "owner": "theblackdon",
        "repo": "kineticwe",
        "rev": "a8bed320c5f8c7dff296b565712bb6bd38f8bebc",
        "type": "gitlab"
      },
      "original": {
        "owner": "theblackdon",
        "repo": "kineticwe",
        "type": "gitlab"
      }
    },
    "nixos-hardware": {
      "inputs": {
        "nixpkgs": [
          "nixpkgs"
        ]
      },
      "locked": {
        "lastModified": 1786867632,
        "narHash": "sha256-ez+ubZlA1RtdjCB18a6zJ9M4u8qoPDy08EcnsW5M3Xw=",
        "ref": "refs/heads/master",
        "rev": "ff17823245ab9ff7bcae6acf950bd89cba82c38c",
        "revCount": 2837,
        "type": "git",
        "url": "https://github.com/NixOS/nixos-hardware"
      },
      "original": {
        "type": "git",
        "url": "https://github.com/NixOS/nixos-hardware"
      }
    },
    "nixpkgs": {
      "locked": {
        "lastModified": 1772773019,
        "narHash": "sha256-E1bxHxNKfDoQUuvriG71+f+s/NT0qWkImXsYZNFFfCs=",
        "owner": "NixOS",
        "repo": "nixpkgs",
        "rev": "aca4d95fce4914b3892661bcb80b8087293536c6",
        "type": "github"
      },
      "original": {
        "owner": "NixOS",
        "ref": "nixos-unstable",
        "repo": "nixpkgs",
        "type": "github"
      }
    },
    "nixpkgs_2": {
      "locked": {
        "lastModified": 1786862985,
        "narHash": "sha256-FBJRXmbGXiSUDvYEbfLYRkckayyZ6SK1UEqhCrIZ2Cs=",
        "owner": "NixOS",
        "repo": "nixpkgs",
        "rev": "e5bdc4a41d4c072fe1e3787eaa0320a384741d44",
        "type": "github"
      },
      "original": {
        "owner": "NixOS",
        "ref": "nixos-unstable",
        "repo": "nixpkgs",
        "type": "github"
      }
    },
    "noctalia": {
      "inputs": {
        "nixpkgs": [
          "kineticwe",
          "nixpkgs"
        ]
      },
      "locked": {
        "lastModified": 1786562724,
        "narHash": "sha256-a2qnW1hQVkZN1GAkl0pkwS62NCP3KURnPXQxjG5T5rg=",
        "owner": "noctalia-dev",
        "repo": "noctalia",
        "rev": "0bf29dd9e202234cdc7fcfa6f75e938bd7fd724a",
        "type": "github"
      },
      "original": {
        "owner": "noctalia-dev",
        "repo": "noctalia",
        "type": "github"
      }
    },
    "noctalia_2": {
      "inputs": {
        "nixpkgs": [
          "nixpkgs"
        ]
      },
      "locked": {
        "lastModified": 1787000081,
        "narHash": "sha256-sFyoCSeC+vwQUjQ54e2EBYh9EdYc7yGp31whjaYOOfk=",
        "ref": "refs/heads/main",
        "rev": "74db8e7a62c04e85c876da4827405700455c160c",
        "revCount": 5281,
        "type": "git",
        "url": "https://github.com/noctalia-dev/noctalia"
      },
      "original": {
        "type": "git",
        "url": "https://github.com/noctalia-dev/noctalia"
      }
    },
    "root": {
      "inputs": {
        "codex-desktop": "codex-desktop",
        "home-manager": "home-manager",
        "kineticwe": "kineticwe",
        "nixos-hardware": "nixos-hardware",
        "nixpkgs": "nixpkgs_2",
        "noctalia": "noctalia_2",
        "sops-nix": "sops-nix"
      }
    },
    "sops-nix": {
      "inputs": {
        "nixpkgs": [
          "nixpkgs"
        ]
      },
      "locked": {
        "lastModified": 1786629091,
        "narHash": "sha256-gkig4nPi1CWc4Z50GBsjE4ygSE7hMpl/TwID2an2Cck=",
        "ref": "refs/heads/master",
        "rev": "a8627b21b9107c5711c96b84f32a9a4b3d45295f",
        "revCount": 1236,
        "type": "git",
        "url": "https://github.com/Mic92/sops-nix"
      },
      "original": {
        "type": "git",
        "url": "https://github.com/Mic92/sops-nix"
      }
    },
    "systems": {
      "locked": {
        "lastModified": 1681028828,
        "narHash": "sha256-Vy1rq5AaRuLzOxct8nz4T6wlgyUR7zLU309k9mBC768=",
        "owner": "nix-systems",
        "repo": "default",
        "rev": "da67096a3b9bf56a91d16901293e51ba5b49a27e",
        "type": "github"
      },
      "original": {
        "owner": "nix-systems",
        "repo": "default",
        "type": "github"
      }
    },
    "systems_2": {
      "locked": {
        "lastModified": 1681028828,
        "narHash": "sha256-Vy1rq5AaRuLzOxct8nz4T6wlgyUR7zLU309k9mBC768=",
        "owner": "nix-systems",
        "repo": "default",
        "rev": "da67096a3b9bf56a91d16901293e51ba5b49a27e",
        "type": "github"
      },
      "original": {
        "owner": "nix-systems",
        "repo": "default",
        "type": "github"
      }
    }
  },
  "root": "root",
  "version": 7
}
